
Microsoft Visual Studio Solution File, Format Version 12.00
# Visual Studio Version 16
VisualStudioVersion = 16.0.31129.286
MinimumVisualStudioVersion = 10.0.40219.1
Project("{FAE04EC0-301F-11D3-BF4B-00C04F79EFBC}") = "HCIProj2", "HCIProj2\HCIProj2.csproj", "{FE43DA5C-ED9C-41DD-9C2E-CE2AD2AB45A5}"
EndProject
Project("{2150E333-8FDC-42A3-9474-1A3956D46DE8}") = "images", "images", "{DF0B7D8A-B88F-4E7D-B91E-0CA04D674E0D}"
	ProjectSection(SolutionItems) = preProject
		Images\blinker.png = Images\blinker.png
	EndProjectSection
EndProject
Global
	GlobalSection(SolutionConfigurationPlatforms) = preSolution
		Debug|Any CPU = Debug|Any CPU
		Release|Any CPU = Release|Any CPU
	EndGlobalSection
	GlobalSection(ProjectConfigurationPlatforms) = postSolution
		{FE43DA5C-ED9C-41DD-9C2E-CE2AD2AB45A5}.Debug|Any CPU.ActiveCfg = Debug|Any CPU
		{FE43DA5C-ED9C-41DD-9C2E-CE2AD2AB45A5}.Debug|Any CPU.Build.0 = Debug|Any CPU
		{FE43DA5C-ED9C-41DD-9C2E-CE2AD2AB45A5}.Release|Any CPU.ActiveCfg = Release|Any CPU
		{FE43DA5C-ED9C-41DD-9C2E-CE2AD2AB45A5}.Release|Any CPU.Build.0 = Release|Any CPU
	EndGlobalSection
	GlobalSection(SolutionProperties) = preSolution
		HideSolutionNode = FALSE
	EndGlobalSection
	GlobalSection(ExtensibilityGlobals) = postSolution
		SolutionGuid = {355F6797-1C61-4089-A698-BA86E682AA29}
	EndGlobalSection
EndGlobal
